
Microsoft Visual Studio Solution File, Format Version 12.00
# Visual Studio 2013
VisualStudioVersion = 12.0.31101.0
MinimumVisualStudioVersion = 10.0.40219.1
Project("{FAE04EC0-301F-11D3-BF4B-00C04F79EFBC}") = "CSharpConsoleApp", "CSharpConsoleApp\CSharpConsoleApp.csproj", "{0C107E30-BED7-4FF4-9CD6-1E17AA8B6701}"
EndProject
Project("{F2A71F9B-5D33-465A-A702-920D77279786}") = "Library1", "Library1\Library1.fsproj", "{D36F9D6F-E3B8-454E-8EB4-EEAC481CEEF8}"
EndProject
Global
	GlobalSection(SolutionConfigurationPlatforms) = preSolution
		Debug|Any CPU = Debug|Any CPU
		Release|Any CPU = Release|Any CPU
	EndGlobalSection
	GlobalSection(ProjectConfigurationPlatforms) = postSolution
		{0C107E30-BED7-4FF4-9CD6-1E17AA8B6701}.Debug|Any CPU.ActiveCfg = Debug|Any CPU
		{0C107E30-BED7-4FF4-9CD6-1E17AA8B6701}.Debug|Any CPU.Build.0 = Debug|Any CPU
		{0C107E30-BED7-4FF4-9CD6-1E17AA8B6701}.Release|Any CPU.ActiveCfg = Release|Any CPU
		{0C107E30-BED7-4FF4-9CD6-1E17AA8B6701}.Release|Any CPU.Build.0 = Release|Any CPU
		{D36F9D6F-E3B8-454E-8EB4-EEAC481CEEF8}.Debug|Any CPU.ActiveCfg = Debug|Any CPU
		{D36F9D6F-E3B8-454E-8EB4-EEAC481CEEF8}.Debug|Any CPU.Build.0 = Debug|Any CPU
		{D36F9D6F-E3B8-454E-8EB4-EEAC481CEEF8}.Release|Any CPU.ActiveCfg = Release|Any CPU
		{D36F9D6F-E3B8-454E-8EB4-EEAC481CEEF8}.Release|Any CPU.Build.0 = Release|Any CPU
	EndGlobalSection
	GlobalSection(SolutionProperties) = preSolution
		HideSolutionNode = FALSE
	EndGlobalSection
EndGlobal
